// !$*UTF8*$!
{
	archiveVersion = 1;
	classes = {
	};
	objectVersion = 48;
	objects = {

/* Begin PBXBuildFile section */
		983988891F0FF90F00C5D7DE /* PartyRock.swift in Sources */ = {isa = PBXBuildFile; fileRef = 983988881F0FF90F00C5D7DE /* PartyRock.swift */; };
		988873A61F0FF81100B26DB4 /* PartyCell.swift in Sources */ = {isa = PBXBuildFile; fileRef = 988873A51F0FF81100B26DB4 /* PartyCell.swift */; };
		98904B441F0E96C400E9D2E2 /* VideoVC.swift in Sources */ = {isa = PBXBuildFile; fileRef = 98904B431F0E96C400E9D2E2 /* VideoVC.swift */; };
		9890691B1F0C9F0E0095FFC7 /* AppDelegate.swift in Sources */ = {isa = PBXBuildFile; fileRef = 9890691A1F0C9F0E0095FFC7 /* AppDelegate.swift */; };
		9890691D1F0C9F0E0095FFC7 /* MainVC.swift in Sources */ = {isa = PBXBuildFile; fileRef = 9890691C1F0C9F0E0095FFC7 /* MainVC.swift */; };
		989069201F0C9F0E0095FFC7 /* Main.storyboard in Resources */ = {isa = PBXBuildFile; fileRef = 9890691E1F0C9F0E0095FFC7 /* Main.storyboard */; };
		989069221F0C9F0E0095FFC7 /* Assets.xcassets in Resources */ = {isa = PBXBuildFile; fileRef = 989069211F0C9F0E0095FFC7 /* Assets.xcassets */; };
		989069251F0C9F0E0095FFC7 /* LaunchScreen.storyboard in Resources */ = {isa = PBXBuildFile; fileRef = 989069231F0C9F0E0095FFC7 /* LaunchScreen.storyboard */; };
/* End PBXBuildFile section */

/* Begin PBXFileReference section */
		983988881F0FF90F00C5D7DE /* PartyRock.swift */ = {isa = PBXFileReference; lastKnownFileType = sourcecode.swift; path = PartyRock.swift; sourceTree = "<group>"; };
		988873A51F0FF81100B26DB4 /* PartyCell.swift */ = {isa = PBXFileReference; lastKnownFileType = sourcecode.swift; path = PartyCell.swift; sourceTree = "<group>"; };
		98904B431F0E96C400E9D2E2 /* VideoVC.swift */ = {isa = PBXFileReference; lastKnownFileType = sourcecode.swift; path = VideoVC.swift; sourceTree = "<group>"; };
		989069171F0C9F0E0095FFC7 /* PartyRockApp.app */ = {isa = PBXFileReference; explicitFileType = wrapper.application; includeInIndex = 0; path = PartyRockApp.app; sourceTree = BUILT_PRODUCTS_DIR; };
		9890691A1F0C9F0E0095FFC7 /* AppDelegate.swift */ = {isa = PBXFileReference; lastKnownFileType = sourcecode.swift; path = AppDelegate.swift; sourceTree = "<group>"; };
		9890691C1F0C9F0E0095FFC7 /* MainVC.swift */ = {isa = PBXFileReference; lastKnownFileType = sourcecode.swift; path = MainVC.swift; sourceTree = "<group>"; };
		9890691F1F0C9F0E0095FFC7 /* Base */ = {isa = PBXFileReference; lastKnownFileType = file.storyboard; name = Base; path = Base.lproj/Main.storyboard; sourceTree = "<group>"; };
		989069211F0C9F0E0095FFC7 /* Assets.xcassets */ = {isa = PBXFileReference; lastKnownFileType = folder.assetcatalog; path = Assets.xcassets; sourceTree = "<group>"; };
		989069241F0C9F0E0095FFC7 /* Base */ = {isa = PBXFileReference; lastKnownFileType = file.storyboard; name = Base; path = Base.lproj/LaunchScreen.storyboard; sourceTree = "<group>"; };
		989069261F0C9F0E0095FFC7 /* Info.plist */ = {isa = PBXFileReference; lastKnownFileType = text.plist.xml; path = Info.plist; sourceTree = "<group>"; };
/* End PBXFileReference section */

/* Begin PBXFrameworksBuildPhase section */
		989069141F0C9F0E0095FFC7 /* Frameworks */ = {
			isa = PBXFrameworksBuildPhase;
			buildActionMask = 2147483647;
			files = (
			);
			runOnlyForDeploymentPostprocessing = 0;
		};
/* End PBXFrameworksBuildPhase section */

/* Begin PBXGroup section */
		98904B401F0E90A100E9D2E2 /* Model */ = {
			isa = PBXGroup;
			children = (
				983988881F0FF90F00C5D7DE /* PartyRock.swift */,
			);
			path = Model;
			sourceTree = "<group>";
		};
		98904B411F0E90A600E9D2E2 /* View */ = {
			isa = PBXGroup;
			children = (
				988873A51F0FF81100B26DB4 /* PartyCell.swift */,
			);
			path = View;
			sourceTree = "<group>";
		};
		98904B421F0E90AB00E9D2E2 /* Controller */ = {
			isa = PBXGroup;
			children = (
				9890691C1F0C9F0E0095FFC7 /* MainVC.swift */,
				98904B431F0E96C400E9D2E2 /* VideoVC.swift */,
			);
			path = Controller;
			sourceTree = "<group>";
		};
		9890690E1F0C9F0E0095FFC7 = {
			isa = PBXGroup;
			children = (
				989069191F0C9F0E0095FFC7 /* PartyRockApp */,
				989069181F0C9F0E0095FFC7 /* Products */,
			);
			sourceTree = "<group>";
		};
		989069181F0C9F0E0095FFC7 /* Products */ = {
			isa = PBXGroup;
			children = (
				989069171F0C9F0E0095FFC7 /* PartyRockApp.app */,
			);
			name = Products;
			sourceTree = "<group>";
		};
		989069191F0C9F0E0095FFC7 /* PartyRockApp */ = {
			isa = PBXGroup;
			children = (
				98904B401F0E90A100E9D2E2 /* Model */,
				98904B411F0E90A600E9D2E2 /* View */,
				98904B421F0E90AB00E9D2E2 /* Controller */,
				9890691A1F0C9F0E0095FFC7 /* AppDelegate.swift */,
				9890691E1F0C9F0E0095FFC7 /* Main.storyboard */,
				989069211F0C9F0E0095FFC7 /* Assets.xcassets */,
				989069231F0C9F0E0095FFC7 /* LaunchScreen.storyboard */,
				989069261F0C9F0E0095FFC7 /* Info.plist */,
			);
			path = PartyRockApp;
			sourceTree = "<group>";
		};
/* End PBXGroup section */

/* Begin PBXNativeTarget section */
		989069161F0C9F0E0095FFC7 /* PartyRockApp */ = {
			isa = PBXNativeTarget;
			buildConfigurationList = 989069291F0C9F0E0095FFC7 /* Build configuration list for PBXNativeTarget "PartyRockApp" */;
			buildPhases = (
				989069131F0C9F0E0095FFC7 /* Sources */,
				989069141F0C9F0E0095FFC7 /* Frameworks */,
				989069151F0C9F0E0095FFC7 /* Resources */,
			);
			buildRules = (
			);
			dependencies = (
			);
			name = PartyRockApp;
			productName = PartyRockApp;
			productReference = 989069171F0C9F0E0095FFC7 /* PartyRockApp.app */;
			productType = "com.apple.product-type.application";
		};
/* End PBXNativeTarget section */

/* Begin PBXProject section */
		9890690F1F0C9F0E0095FFC7 /* Project object */ = {
			isa = PBXProject;
			attributes = {
				LastSwiftUpdateCheck = 0900;
				LastUpgradeCheck = 0900;
				ORGANIZATIONNAME = "CROSS-A";
				TargetAttributes = {
					989069161F0C9F0E0095FFC7 = {
						CreatedOnToolsVersion = 9.0;
					};
				};
			};
			buildConfigurationList = 989069121F0C9F0E0095FFC7 /* Build configuration list for PBXProject "PartyRockApp" */;
			compatibilityVersion = "Xcode 8.0";
			developmentRegion = en;
			hasScannedForEncodings = 0;
			knownRegions = (
				en,
				Base,
			);
			mainGroup = 9890690E1F0C9F0E0095FFC7;
			productRefGroup = 989069181F0C9F0E0095FFC7 /* Products */;
			projectDirPath = "";
			projectRoot = "";
			targets = (
				989069161F0C9F0E0095FFC7 /* PartyRockApp */,
			);
		};
/* End PBXProject section */

/* Begin PBXResourcesBuildPhase section */
		989069151F0C9F0E0095FFC7 /* Resources */ = {
			isa = PBXResourcesBuildPhase;
			buildActionMask = 2147483647;
			files = (
				989069251F0C9F0E0095FFC7 /* LaunchScreen.storyboard in Resources */,
				989069221F0C9F0E0095FFC7 /* Assets.xcassets in Resources */,
				989069201F0C9F0E0095FFC7 /* Main.storyboard in Resources */,
			);
			runOnlyForDeploymentPostprocessing = 0;
		};
/* End PBXResourcesBuildPhase section */

/* Begin PBXSourcesBuildPhase section */
		989069131F0C9F0E0095FFC7 /* Sources */ = {
			isa = PBXSourcesBuildPhase;
			buildActionMask = 2147483647;
			files = (
				98904B441F0E96C400E9D2E2 /* VideoVC.swift in Sources */,
				9890691D1F0C9F0E0095FFC7 /* MainVC.swift in Sources */,
				983988891F0FF90F00C5D7DE /* PartyRock.swift in Sources */,
				988873A61F0FF81100B26DB4 /* PartyCell.swift in Sources */,
				9890691B1F0C9F0E0095FFC7 /* AppDelegate.swift in Sources */,
			);
			runOnlyForDeploymentPostprocessing = 0;
		};
/* End PBXSourcesBuildPhase section */

/* Begin PBXVariantGroup section */
		9890691E1F0C9F0E0095FFC7 /* Main.storyboard */ = {
			isa = PBXVariantGroup;
			children = (
				9890691F1F0C9F0E0095FFC7 /* Base */,
			);
			name = Main.storyboard;
			sourceTree = "<group>";
		};
		989069231F0C9F0E0095FFC7 /* LaunchScreen.storyboard */ = {
			isa = PBXVariantGroup;
			children = (
				989069241F0C9F0E0095FFC7 /* Base */,
			);
			name = LaunchScreen.storyboard;
			sourceTree = "<group>";
		};
/* End PBXVariantGroup section */

/* Begin XCBuildConfiguration section */
		989069271F0C9F0E0095FFC7 /* Debug */ = {
			isa = XCBuildConfiguration;
			buildSettings = {
				ALWAYS_SEARCH_USER_PATHS = NO;
				CLANG_ANALYZER_NONNULL = YES;
				CLANG_ANALYZER_NUMBER_OBJECT_CONVERSION = YES_AGGRESSIVE;
				CLANG_CXX_LANGUAGE_STANDARD = "gnu++14";
				CLANG_CXX_LIBRARY = "libc++";
				CLANG_ENABLE_MODULES = YES;
				CLANG_ENABLE_OBJC_ARC = YES;
				CLANG_WARN_BLOCK_CAPTURE_AUTORELEASING = YES;
				CLANG_WARN_BOOL_CONVERSION = YES;
				CLANG_WARN_COMMA = YES;
				CLANG_WARN_CONSTANT_CONVERSION = YES;
				CLANG_WARN_DIRECT_OBJC_ISA_USAGE = YES_ERROR;
				CLANG_WARN_DOCUMENTATION_COMMENTS = YES;
				CLANG_WARN_EMPTY_BODY = YES;
				CLANG_WARN_ENUM_CONVERSION = YES;
				CLANG_WARN_INFINITE_RECURSION = YES;
				CLANG_WARN_INT_CONVERSION = YES;
				CLANG_WARN_OBJC_ROOT_CLASS = YES_ERROR;
				CLANG_WARN_RANGE_LOOP_ANALYSIS = YES;
				CLANG_WARN_STRICT_PROTOTYPES = YES;
				CLANG_WARN_SUSPICIOUS_MOVE = YES;
				CLANG_WARN_UNGUARDED_AVAILABILITY = YES_AGGRESSIVE;
				CLANG_WARN_UNREACHABLE_CODE = YES;
				CLANG_WARN__DUPLICATE_METHOD_MATCH = YES;
				CODE_SIGN_IDENTITY = "iPhone Developer";
				COPY_PHASE_STRIP = NO;
				DEBUG_INFORMATION_FORMAT = dwarf;
				ENABLE_STRICT_OBJC_MSGSEND = YES;
				ENABLE_TESTABILITY = YES;
				GCC_C_LANGUAGE_STANDARD = gnu11;
				GCC_DYNAMIC_NO_PIC = NO;
				GCC_NO_COMMON_BLOCKS = YES;
				GCC_OPTIMIZATION_LEVEL = 0;
				GCC_PREPROCESSOR_DEFINITIONS = (
					"DEBUG=1",
					"$(inherited)",
				);
				GCC_WARN_64_TO_32_BIT_CONVERSION = YES;
				GCC_WARN_ABOUT_RETURN_TYPE = YES_ERROR;
				GCC_WARN_UNDECLARED_SELECTOR = YES;
				GCC_WARN_UNINITIALIZED_AUTOS = YES_AGGRESSIVE;
				GCC_WARN_UNUSED_FUNCTION = YES;
				GCC_WARN_UNUSED_VARIABLE = YES;
				IPHONEOS_DEPLOYMENT_TARGET = 11.0;
				MTL_ENABLE_DEBUG_INFO = YES;
				ONLY_ACTIVE_ARCH = YES;
				SDKROOT = iphoneos;
				SWIFT_ACTIVE_COMPILATION_CONDITIONS = DEBUG;
				SWIFT_OPTIMIZATION_LEVEL = "-Onone";
			};
			name = Debug;
		};
		989069281F0C9F0E0095FFC7 /* Release */ = {
			isa = XCBuildConfiguration;
			buildSettings = {
				ALWAYS_SEARCH_USER_PATHS = NO;
				CLANG_ANALYZER_NONNULL = YES;
				CLANG_ANALYZER_NUMBER_OBJECT_CONVERSION = YES_AGGRESSIVE;
				CLANG_CXX_LANGUAGE_STANDARD = "gnu++14";
				CLANG_CXX_LIBRARY = "libc++";
				CLANG_ENABLE_MODULES = YES;
				CLANG_ENABLE_OBJC_ARC = YES;
				CLANG_WARN_BLOCK_CAPTURE_AUTORELEASING = YES;
				CLANG_WARN_BOOL_CONVERSION = YES;
				CLANG_WARN_COMMA = YES;
				CLANG_WARN_CONSTANT_CONVERSION = YES;
				CLANG_WARN_DIRECT_OBJC_ISA_USAGE = YES_ERROR;
				CLANG_WARN_DOCUMENTATION_COMMENTS = YES;
				CLANG_WARN_EMPTY_BODY = YES;
				CLANG_WARN_ENUM_CONVERSION = YES;
				CLANG_WARN_INFINITE_RECURSION = YES;
				CLANG_WARN_INT_CONVERSION = YES;
				CLANG_WARN_OBJC_ROOT_CLASS = YES_ERROR;
				CLANG_WARN_RANGE_LOOP_ANALYSIS = YES;
				CLANG_WARN_STRICT_PROTOTYPES = YES;
				CLANG_WARN_SUSPICIOUS_MOVE = YES;
				CLANG_WARN_UNGUARDED_AVAILABILITY = YES_AGGRESSIVE;
				CLANG_WARN_UNREACHABLE_CODE = YES;
				CLANG_WARN__DUPLICATE_METHOD_MATCH = YES;
				CODE_SIGN_IDENTITY = "iPhone Developer";
				COPY_PHASE_STRIP = NO;
				DEBUG_INFORMATION_FORMAT = "dwarf-with-dsym";
				ENABLE_NS_ASSERTIONS = NO;
				ENABLE_STRICT_OBJC_MSGSEND = YES;
				GCC_C_LANGUAGE_STANDARD = gnu11;
				GCC_NO_COMMON_BLOCKS = YES;
				GCC_WARN_64_TO_32_BIT_CONVERSION = YES;
				GCC_WARN_ABOUT_RETURN_TYPE = YES_ERROR;
				GCC_WARN_UNDECLARED_SELECTOR = YES;
				GCC_WARN_UNINITIALIZED_AUTOS = YES_AGGRESSIVE;
				GCC_WARN_UNUSED_FUNCTION = YES;
				GCC_WARN_UNUSED_VARIABLE = YES;
				IPHONEOS_DEPLOYMENT_TARGET = 11.0;
				MTL_ENABLE_DEBUG_INFO = NO;
				SDKROOT = iphoneos;
				SWIFT_OPTIMIZATION_LEVEL = "-Owholemodule";
				VALIDATE_PRODUCT = YES;
			};
			name = Release;
		};
		9890692A1F0C9F0E0095FFC7 /* Debug */ = {
			isa = XCBuildConfiguration;
			buildSettings = {
				ASSETCATALOG_COMPILER_APPICON_NAME = AppIcon;
				DEVELOPMENT_TEAM = 29BFEDRFS6;
				INFOPLIST_FILE = PartyRockApp/Info.plist;
				LD_RUNPATH_SEARCH_PATHS = "$(inherited) @executable_path/Frameworks";
				PRODUCT_BUNDLE_IDENTIFIER = "com.cross-a.PartyRockApp";
				PRODUCT_NAME = "$(TARGET_NAME)";
				SWIFT_VERSION = 4.0;
				TARGETED_DEVICE_FAMILY = "1,2";
			};
			name = Debug;
		};
		9890692B1F0C9F0E0095FFC7 /* Release */ = {
			isa = XCBuildConfiguration;
			buildSettings = {
				ASSETCATALOG_COMPILER_APPICON_NAME = AppIcon;
				DEVELOPMENT_TEAM = 29BFEDRFS6;
				INFOPLIST_FILE = PartyRockApp/Info.plist;
				LD_RUNPATH_SEARCH_PATHS = "$(inherited) @executable_path/Frameworks";
				PRODUCT_BUNDLE_IDENTIFIER = "com.cross-a.PartyRockApp";
				PRODUCT_NAME = "$(TARGET_NAME)";
				SWIFT_VERSION = 4.0;
				TARGETED_DEVICE_FAMILY = "1,2";
			};
			name = Release;
		};
/* End XCBuildConfiguration section */

/* Begin XCConfigurationList section */
		989069121F0C9F0E0095FFC7 /* Build configuration list for PBXProject "PartyRockApp" */ = {
			isa = XCConfigurationList;
			buildConfigurations = (
				989069271F0C9F0E0095FFC7 /* Debug */,
				989069281F0C9F0E0095FFC7 /* Release */,
			);
			defaultConfigurationIsVisible = 0;
			defaultConfigurationName = Release;
		};
		989069291F0C9F0E0095FFC7 /* Build configuration list for PBXNativeTarget "PartyRockApp" */ = {
			isa = XCConfigurationList;
			buildConfigurations = (
				9890692A1F0C9F0E0095FFC7 /* Debug */,
				9890692B1F0C9F0E0095FFC7 /* Release */,
			);
			defaultConfigurationIsVisible = 0;
			defaultConfigurationName = Release;
		};
/* End XCConfigurationList section */
	};
	rootObject = 9890690F1F0C9F0E0095FFC7 /* Project object */;
}
